// !$*UTF8*$!
{
	archiveVersion = 1;
	classes = {
	};
	objectVersion = 50;
	objects = {

/* Begin PBXBuildFile section */
		3B7140E623BE9165005A8562 /* AppDelegate.swift in Sources */ = {isa = PBXBuildFile; fileRef = 3B7140E523BE9165005A8562 /* AppDelegate.swift */; };
		3B7140E823BE9165005A8562 /* SceneDelegate.swift in Sources */ = {isa = PBXBuildFile; fileRef = 3B7140E723BE9165005A8562 /* SceneDelegate.swift */; };
		3B7140EA23BE9165005A8562 /* ContentView.swift in Sources */ = {isa = PBXBuildFile; fileRef = 3B7140E923BE9165005A8562 /* ContentView.swift */; };
		3B7140EC23BE9167005A8562 /* Assets.xcassets in Resources */ = {isa = PBXBuildFile; fileRef = 3B7140EB23BE9167005A8562 /* Assets.xcassets */; };
		3B7140EF23BE9167005A8562 /* Preview Assets.xcassets in Resources */ = {isa = PBXBuildFile; fileRef = 3B7140EE23BE9167005A8562 /* Preview Assets.xcassets */; };
		3B7140F223BE9167005A8562 /* LaunchScreen.storyboard in Resources */ = {isa = PBXBuildFile; fileRef = 3B7140F023BE9167005A8562 /* LaunchScreen.storyboard */; };
		3B7517BB23C29C2B00D68329 /* DataInput.swift in Sources */ = {isa = PBXBuildFile; fileRef = 3B7517BA23C29C2B00D68329 /* DataInput.swift */; };
		3B7517BD23C29DB700D68329 /* QRUtility.swift in Sources */ = {isa = PBXBuildFile; fileRef = 3B7517BC23C29DB700D68329 /* QRUtility.swift */; };
		3B7517C523C3F0E400D68329 /* QRImageGenerator.swift in Sources */ = {isa = PBXBuildFile; fileRef = 3B7517C423C3F0E400D68329 /* QRImageGenerator.swift */; };
		3BE6972123CD246A00FA10AA /* DataUtility.swift in Sources */ = {isa = PBXBuildFile; fileRef = 3BE6972023CD246A00FA10AA /* DataUtility.swift */; };
/* End PBXBuildFile section */

/* Begin PBXFileReference section */
		3B7140E223BE9164005A8562 /* QRme.app */ = {isa = PBXFileReference; explicitFileType = wrapper.application; includeInIndex = 0; path = QRme.app; sourceTree = BUILT_PRODUCTS_DIR; };
		3B7140E523BE9165005A8562 /* AppDelegate.swift */ = {isa = PBXFileReference; lastKnownFileType = sourcecode.swift; path = AppDelegate.swift; sourceTree = "<group>"; };
		3B7140E723BE9165005A8562 /* SceneDelegate.swift */ = {isa = PBXFileReference; lastKnownFileType = sourcecode.swift; path = SceneDelegate.swift; sourceTree = "<group>"; };
		3B7140E923BE9165005A8562 /* ContentView.swift */ = {isa = PBXFileReference; lastKnownFileType = sourcecode.swift; path = ContentView.swift; sourceTree = "<group>"; };
		3B7140EB23BE9167005A8562 /* Assets.xcassets */ = {isa = PBXFileReference; lastKnownFileType = folder.assetcatalog; path = Assets.xcassets; sourceTree = "<group>"; };
		3B7140EE23BE9167005A8562 /* Preview Assets.xcassets */ = {isa = PBXFileReference; lastKnownFileType = folder.assetcatalog; path = "Preview Assets.xcassets"; sourceTree = "<group>"; };
		3B7140F123BE9167005A8562 /* Base */ = {isa = PBXFileReference; lastKnownFileType = file.storyboard; name = Base; path = Base.lproj/LaunchScreen.storyboard; sourceTree = "<group>"; };
		3B7140F323BE9167005A8562 /* Info.plist */ = {isa = PBXFileReference; lastKnownFileType = text.plist.xml; path = Info.plist; sourceTree = "<group>"; };
		3B7517BA23C29C2B00D68329 /* DataInput.swift */ = {isa = PBXFileReference; lastKnownFileType = sourcecode.swift; path = DataInput.swift; sourceTree = "<group>"; };
		3B7517BC23C29DB700D68329 /* QRUtility.swift */ = {isa = PBXFileReference; lastKnownFileType = sourcecode.swift; path = QRUtility.swift; sourceTree = "<group>"; };
		3B7517C423C3F0E400D68329 /* QRImageGenerator.swift */ = {isa = PBXFileReference; lastKnownFileType = sourcecode.swift; path = QRImageGenerator.swift; sourceTree = "<group>"; };
		3BE6972023CD246A00FA10AA /* DataUtility.swift */ = {isa = PBXFileReference; lastKnownFileType = sourcecode.swift; path = DataUtility.swift; sourceTree = "<group>"; };
/* End PBXFileReference section */

/* Begin PBXFrameworksBuildPhase section */
		3B7140DF23BE9164005A8562 /* Frameworks */ = {
			isa = PBXFrameworksBuildPhase;
			buildActionMask = 2147483647;
			files = (
			);
			runOnlyForDeploymentPostprocessing = 0;
		};
/* End PBXFrameworksBuildPhase section */

/* Begin PBXGroup section */
		3B7140D923BE9164005A8562 = {
			isa = PBXGroup;
			children = (
				3B7140E423BE9164005A8562 /* QRme */,
				3B7140E323BE9164005A8562 /* Products */,
			);
			sourceTree = "<group>";
		};
		3B7140E323BE9164005A8562 /* Products */ = {
			isa = PBXGroup;
			children = (
				3B7140E223BE9164005A8562 /* QRme.app */,
			);
			name = Products;
			sourceTree = "<group>";
		};
		3B7140E423BE9164005A8562 /* QRme */ = {
			isa = PBXGroup;
			children = (
				3B7140E923BE9165005A8562 /* ContentView.swift */,
				3B7517BA23C29C2B00D68329 /* DataInput.swift */,
				3BE6972023CD246A00FA10AA /* DataUtility.swift */,
				3B7517C423C3F0E400D68329 /* QRImageGenerator.swift */,
				3B7517BC23C29DB700D68329 /* QRUtility.swift */,
				3B7140E723BE9165005A8562 /* SceneDelegate.swift */,
				3B7140EB23BE9167005A8562 /* Assets.xcassets */,
				3B7140F023BE9167005A8562 /* LaunchScreen.storyboard */,
				3B7140F323BE9167005A8562 /* Info.plist */,
				3B7140E523BE9165005A8562 /* AppDelegate.swift */,
				3B7140ED23BE9167005A8562 /* Preview Content */,
			);
			path = QRme;
			sourceTree = "<group>";
		};
		3B7140ED23BE9167005A8562 /* Preview Content */ = {
			isa = PBXGroup;
			children = (
				3B7140EE23BE9167005A8562 /* Preview Assets.xcassets */,
			);
			path = "Preview Content";
			sourceTree = "<group>";
		};
/* End PBXGroup section */

/* Begin PBXNativeTarget section */
		3B7140E123BE9164005A8562 /* QRme */ = {
			isa = PBXNativeTarget;
			buildConfigurationList = 3B7140F623BE9167005A8562 /* Build configuration list for PBXNativeTarget "QRme" */;
			buildPhases = (
				3B7140DE23BE9164005A8562 /* Sources */,
				3B7140DF23BE9164005A8562 /* Frameworks */,
				3B7140E023BE9164005A8562 /* Resources */,
			);
			buildRules = (
			);
			dependencies = (
			);
			name = QRme;
			productName = QRme;
			productReference = 3B7140E223BE9164005A8562 /* QRme.app */;
			productType = "com.apple.product-type.application";
		};
/* End PBXNativeTarget section */

/* Begin PBXProject section */
		3B7140DA23BE9164005A8562 /* Project object */ = {
			isa = PBXProject;
			attributes = {
				LastSwiftUpdateCheck = 1130;
				LastUpgradeCheck = 1130;
				ORGANIZATIONNAME = "Zain Ali";
				TargetAttributes = {
					3B7140E123BE9164005A8562 = {
						CreatedOnToolsVersion = 11.3;
					};
				};
			};
			buildConfigurationList = 3B7140DD23BE9164005A8562 /* Build configuration list for PBXProject "QRme" */;
			compatibilityVersion = "Xcode 9.3";
			developmentRegion = en;
			hasScannedForEncodings = 0;
			knownRegions = (
				en,
				Base,
			);
			mainGroup = 3B7140D923BE9164005A8562;
			productRefGroup = 3B7140E323BE9164005A8562 /* Products */;
			projectDirPath = "";
			projectRoot = "";
			targets = (
				3B7140E123BE9164005A8562 /* QRme */,
			);
		};
/* End PBXProject section */

/* Begin PBXResourcesBuildPhase section */
		3B7140E023BE9164005A8562 /* Resources */ = {
			isa = PBXResourcesBuildPhase;
			buildActionMask = 2147483647;
			files = (
				3B7140F223BE9167005A8562 /* LaunchScreen.storyboard in Resources */,
				3B7140EF23BE9167005A8562 /* Preview Assets.xcassets in Resources */,
				3B7140EC23BE9167005A8562 /* Assets.xcassets in Resources */,
			);
			runOnlyForDeploymentPostprocessing = 0;
		};
/* End PBXResourcesBuildPhase section */

/* Begin PBXSourcesBuildPhase section */
		3B7140DE23BE9164005A8562 /* Sources */ = {
			isa = PBXSourcesBuildPhase;
			buildActionMask = 2147483647;
			files = (
				3B7517BB23C29C2B00D68329 /* DataInput.swift in Sources */,
				3BE6972123CD246A00FA10AA /* DataUtility.swift in Sources */,
				3B7140E623BE9165005A8562 /* AppDelegate.swift in Sources */,
				3B7517C523C3F0E400D68329 /* QRImageGenerator.swift in Sources */,
				3B7140E823BE9165005A8562 /* SceneDelegate.swift in Sources */,
				3B7517BD23C29DB700D68329 /* QRUtility.swift in Sources */,
				3B7140EA23BE9165005A8562 /* ContentView.swift in Sources */,
			);
			runOnlyForDeploymentPostprocessing = 0;
		};
/* End PBXSourcesBuildPhase section */

/* Begin PBXVariantGroup section */
		3B7140F023BE9167005A8562 /* LaunchScreen.storyboard */ = {
			isa = PBXVariantGroup;
			children = (
				3B7140F123BE9167005A8562 /* Base */,
			);
			name = LaunchScreen.storyboard;
			sourceTree = "<group>";
		};
/* End PBXVariantGroup section */

/* Begin XCBuildConfiguration section */
		3B7140F423BE9167005A8562 /* Debug */ = {
			isa = XCBuildConfiguration;
			buildSettings = {
				ALWAYS_SEARCH_USER_PATHS = NO;
				CLANG_ANALYZER_NONNULL = YES;
				CLANG_ANALYZER_NUMBER_OBJECT_CONVERSION = YES_AGGRESSIVE;
				CLANG_CXX_LANGUAGE_STANDARD = "gnu++14";
				CLANG_CXX_LIBRARY = "libc++";
				CLANG_ENABLE_MODULES = YES;
				CLANG_ENABLE_OBJC_ARC = YES;
				CLANG_ENABLE_OBJC_WEAK = YES;
				CLANG_WARN_BLOCK_CAPTURE_AUTORELEASING = YES;
				CLANG_WARN_BOOL_CONVERSION = YES;
				CLANG_WARN_COMMA = YES;
				CLANG_WARN_CONSTANT_CONVERSION = YES;
				CLANG_WARN_DEPRECATED_OBJC_IMPLEMENTATIONS = YES;
				CLANG_WARN_DIRECT_OBJC_ISA_USAGE = YES_ERROR;
				CLANG_WARN_DOCUMENTATION_COMMENTS = YES;
				CLANG_WARN_EMPTY_BODY = YES;
				CLANG_WARN_ENUM_CONVERSION = YES;
				CLANG_WARN_INFINITE_RECURSION = YES;
				CLANG_WARN_INT_CONVERSION = YES;
				CLANG_WARN_NON_LITERAL_NULL_CONVERSION = YES;
				CLANG_WARN_OBJC_IMPLICIT_RETAIN_SELF = YES;
				CLANG_WARN_OBJC_LITERAL_CONVERSION = YES;
				CLANG_WARN_OBJC_ROOT_CLASS = YES_ERROR;
				CLANG_WARN_RANGE_LOOP_ANALYSIS = YES;
				CLANG_WARN_STRICT_PROTOTYPES = YES;
				CLANG_WARN_SUSPICIOUS_MOVE = YES;
				CLANG_WARN_UNGUARDED_AVAILABILITY = YES_AGGRESSIVE;
				CLANG_WARN_UNREACHABLE_CODE = YES;
				CLANG_WARN__DUPLICATE_METHOD_MATCH = YES;
				COPY_PHASE_STRIP = NO;
				DEBUG_INFORMATION_FORMAT = dwarf;
				ENABLE_STRICT_OBJC_MSGSEND = YES;
				ENABLE_TESTABILITY = YES;
				GCC_C_LANGUAGE_STANDARD = gnu11;
				GCC_DYNAMIC_NO_PIC = NO;
				GCC_NO_COMMON_BLOCKS = YES;
				GCC_OPTIMIZATION_LEVEL = 0;
				GCC_PREPROCESSOR_DEFINITIONS = (
					"DEBUG=1",
					"$(inherited)",
				);
				GCC_WARN_64_TO_32_BIT_CONVERSION = YES;
				GCC_WARN_ABOUT_RETURN_TYPE = YES_ERROR;
				GCC_WARN_UNDECLARED_SELECTOR = YES;
				GCC_WARN_UNINITIALIZED_AUTOS = YES_AGGRESSIVE;
				GCC_WARN_UNUSED_FUNCTION = YES;
				GCC_WARN_UNUSED_VARIABLE = YES;
				IPHONEOS_DEPLOYMENT_TARGET = 13.2;
				MTL_ENABLE_DEBUG_INFO = INCLUDE_SOURCE;
				MTL_FAST_MATH = YES;
				ONLY_ACTIVE_ARCH = YES;
				SDKROOT = iphoneos;
				SWIFT_ACTIVE_COMPILATION_CONDITIONS = DEBUG;
				SWIFT_OPTIMIZATION_LEVEL = "-Onone";
			};
			name = Debug;
		};
		3B7140F523BE9167005A8562 /* Release */ = {
			isa = XCBuildConfiguration;
			buildSettings = {
				ALWAYS_SEARCH_USER_PATHS = NO;
				CLANG_ANALYZER_NONNULL = YES;
				CLANG_ANALYZER_NUMBER_OBJECT_CONVERSION = YES_AGGRESSIVE;
				CLANG_CXX_LANGUAGE_STANDARD = "gnu++14";
				CLANG_CXX_LIBRARY = "libc++";
				CLANG_ENABLE_MODULES = YES;
				CLANG_ENABLE_OBJC_ARC = YES;
				CLANG_ENABLE_OBJC_WEAK = YES;
				CLANG_WARN_BLOCK_CAPTURE_AUTORELEASING = YES;
				CLANG_WARN_BOOL_CONVERSION = YES;
				CLANG_WARN_COMMA = YES;
				CLANG_WARN_CONSTANT_CONVERSION = YES;
				CLANG_WARN_DEPRECATED_OBJC_IMPLEMENTATIONS = YES;
				CLANG_WARN_DIRECT_OBJC_ISA_USAGE = YES_ERROR;
				CLANG_WARN_DOCUMENTATION_COMMENTS = YES;
				CLANG_WARN_EMPTY_BODY = YES;
				CLANG_WARN_ENUM_CONVERSION = YES;
				CLANG_WARN_INFINITE_RECURSION = YES;
				CLANG_WARN_INT_CONVERSION = YES;
				CLANG_WARN_NON_LITERAL_NULL_CONVERSION = YES;
				CLANG_WARN_OBJC_IMPLICIT_RETAIN_SELF = YES;
				CLANG_WARN_OBJC_LITERAL_CONVERSION = YES;
				CLANG_WARN_OBJC_ROOT_CLASS = YES_ERROR;
				CLANG_WARN_RANGE_LOOP_ANALYSIS = YES;
				CLANG_WARN_STRICT_PROTOTYPES = YES;
				CLANG_WARN_SUSPICIOUS_MOVE = YES;
				CLANG_WARN_UNGUARDED_AVAILABILITY = YES_AGGRESSIVE;
				CLANG_WARN_UNREACHABLE_CODE = YES;
				CLANG_WARN__DUPLICATE_METHOD_MATCH = YES;
				COPY_PHASE_STRIP = NO;
				DEBUG_INFORMATION_FORMAT = "dwarf-with-dsym";
				ENABLE_NS_ASSERTIONS = NO;
				ENABLE_STRICT_OBJC_MSGSEND = YES;
				GCC_C_LANGUAGE_STANDARD = gnu11;
				GCC_NO_COMMON_BLOCKS = YES;
				GCC_WARN_64_TO_32_BIT_CONVERSION = YES;
				GCC_WARN_ABOUT_RETURN_TYPE = YES_ERROR;
				GCC_WARN_UNDECLARED_SELECTOR = YES;
				GCC_WARN_UNINITIALIZED_AUTOS = YES_AGGRESSIVE;
				GCC_WARN_UNUSED_FUNCTION = YES;
				GCC_WARN_UNUSED_VARIABLE = YES;
				IPHONEOS_DEPLOYMENT_TARGET = 13.2;
				MTL_ENABLE_DEBUG_INFO = NO;
				MTL_FAST_MATH = YES;
				SDKROOT = iphoneos;
				SWIFT_COMPILATION_MODE = wholemodule;
				SWIFT_OPTIMIZATION_LEVEL = "-O";
				VALIDATE_PRODUCT = YES;
			};
			name = Release;
		};
		3B7140F723BE9167005A8562 /* Debug */ = {
			isa = XCBuildConfiguration;
			buildSettings = {
				ASSETCATALOG_COMPILER_APPICON_NAME = AppIcon;
				CODE_SIGN_STYLE = Automatic;
				DEVELOPMENT_ASSET_PATHS = "\"QRme/Preview Content\"";
				DEVELOPMENT_TEAM = CYBX3K3NYW;
				ENABLE_PREVIEWS = YES;
				INFOPLIST_FILE = QRme/Info.plist;
				LD_RUNPATH_SEARCH_PATHS = (
					"$(inherited)",
					"@executable_path/Frameworks",
				);
				PRODUCT_BUNDLE_IDENTIFIER = com.zain.QRme;
				PRODUCT_NAME = "$(TARGET_NAME)";
				SWIFT_VERSION = 5.0;
				TARGETED_DEVICE_FAMILY = "1,2";
			};
			name = Debug;
		};
		3B7140F823BE9167005A8562 /* Release */ = {
			isa = XCBuildConfiguration;
			buildSettings = {
				ASSETCATALOG_COMPILER_APPICON_NAME = AppIcon;
				CODE_SIGN_STYLE = Automatic;
				DEVELOPMENT_ASSET_PATHS = "\"QRme/Preview Content\"";
				DEVELOPMENT_TEAM = CYBX3K3NYW;
				ENABLE_PREVIEWS = YES;
				INFOPLIST_FILE = QRme/Info.plist;
				LD_RUNPATH_SEARCH_PATHS = (
					"$(inherited)",
					"@executable_path/Frameworks",
				);
				PRODUCT_BUNDLE_IDENTIFIER = com.zain.QRme;
				PRODUCT_NAME = "$(TARGET_NAME)";
				SWIFT_VERSION = 5.0;
				TARGETED_DEVICE_FAMILY = "1,2";
			};
			name = Release;
		};
/* End XCBuildConfiguration section */

/* Begin XCConfigurationList section */
		3B7140DD23BE9164005A8562 /* Build configuration list for PBXProject "QRme" */ = {
			isa = XCConfigurationList;
			buildConfigurations = (
				3B7140F423BE9167005A8562 /* Debug */,
				3B7140F523BE9167005A8562 /* Release */,
			);
			defaultConfigurationIsVisible = 0;
			defaultConfigurationName = Release;
		};
		3B7140F623BE9167005A8562 /* Build configuration list for PBXNativeTarget "QRme" */ = {
			isa = XCConfigurationList;
			buildConfigurations = (
				3B7140F723BE9167005A8562 /* Debug */,
				3B7140F823BE9167005A8562 /* Release */,
			);
			defaultConfigurationIsVisible = 0;
			defaultConfigurationName = Release;
		};
/* End XCConfigurationList section */
	};
	rootObject = 3B7140DA23BE9164005A8562 /* Project object */;
}
